
Microsoft Visual Studio Solution File, Format Version 12.00
# Visual Studio Version 17
VisualStudioVersion = 17.7.34031.279
MinimumVisualStudioVersion = 10.0.40219.1
Project("{FAE04EC0-301F-11D3-BF4B-00C04F79EFBC}") = "Lab4", "Lab4.csproj", "{3727B9B9-893B-4A23-A171-8EC41E141F2E}"
EndProject
Project("{FAE04EC0-301F-11D3-BF4B-00C04F79EFBC}") = "TestingTesting123", "..\TestLab4\TestingTesting123.csproj", "{99D7950E-751F-4733-9413-04740BC7A94E}"
EndProject
Global
	GlobalSection(SolutionConfigurationPlatforms) = preSolution
		Debug|Any CPU = Debug|Any CPU
		Release|Any CPU = Release|Any CPU
	EndGlobalSection
	GlobalSection(ProjectConfigurationPlatforms) = postSolution
		{3727B9B9-893B-4A23-A171-8EC41E141F2E}.Debug|Any CPU.ActiveCfg = Debug|Any CPU
		{3727B9B9-893B-4A23-A171-8EC41E141F2E}.Debug|Any CPU.Build.0 = Debug|Any CPU
		{3727B9B9-893B-4A23-A171-8EC41E141F2E}.Release|Any CPU.ActiveCfg = Release|Any CPU
		{3727B9B9-893B-4A23-A171-8EC41E141F2E}.Release|Any CPU.Build.0 = Release|Any CPU
		{99D7950E-751F-4733-9413-04740BC7A94E}.Debug|Any CPU.ActiveCfg = Debug|Any CPU
		{99D7950E-751F-4733-9413-04740BC7A94E}.Debug|Any CPU.Build.0 = Debug|Any CPU
		{99D7950E-751F-4733-9413-04740BC7A94E}.Release|Any CPU.ActiveCfg = Release|Any CPU
		{99D7950E-751F-4733-9413-04740BC7A94E}.Release|Any CPU.Build.0 = Release|Any CPU
	EndGlobalSection
	GlobalSection(SolutionProperties) = preSolution
		HideSolutionNode = FALSE
	EndGlobalSection
	GlobalSection(ExtensibilityGlobals) = postSolution
		SolutionGuid = {B7BED5E5-C908-4AA8-B7D6-78D87E7F7F5D}
	EndGlobalSection
EndGlobal
